github.com/jarcoal/httpmock v1.0.5 h1:cHtVEcTxRSX4J0je7mWPfc9BpDpqzXSJ5HbymZmyHck=
github.com/softlayer/softlayer-go v1.1.2 h1:rUSSGCyaxymvTOsaFjwr+cGxA8muw3xg2LSrIMNcN/c=
github.com/softlayer/softlayer-go v1.1.2/go.mod h1:hvAbzGH4LRXA6yXY8BNx99yoqZ7urfDdtl9mvBf0G+g=
github.com/softlayer/xmlrpc v0.0.0-20200409220501-5f089df7cb7e h1:3OgWYFw7jxCZPcvAg+4R8A50GZ+CCkARF10lxu2qDsQ=
github.com/softlayer/xmlrpc v0.0.0-20200409220501-5f089df7cb7e/go.mod h1:fKZCUVdirrxrBpwd9wb+lSoVixvpwAu8eHzbQB2tums=
golang.org/x/text v0.3.0 h1:g61tztE5qeGQ89tm6NTjjM9VPIm088od1l6aSorWRWg=
golang.org/x/text v0.3.0/go.mod h1:NqM8EUOU14njkJ3fqMW+pc6Ldnwhi/IjpwHt7yyuwOQ=
